
Microsoft Visual Studio Solution File, Format Version 12.00
# Visual Studio Version 16
VisualStudioVersion = 16.0.31112.23
MinimumVisualStudioVersion = 10.0.40219.1
Project("{2150E333-8FDC-42A3-9474-1A3956D46DE8}") = "Chapter02", "Chapter02", "{7D9170BE-838B-4713-951E-ACDA2EA0C4F3}"
EndProject
Project("{FAE04EC0-301F-11D3-BF4B-00C04F79EFBC}") = "DistanceConverter", "DistanceConverter\DistanceConverter.csproj", "{F8F20F79-36E8-40F6-A6AF-CBBD57E022B5}"
EndProject
Project("{FAE04EC0-301F-11D3-BF4B-00C04F79EFBC}") = "SalesCalculator", "SalesCalculator\SalesCalculator.csproj", "{FFD4B574-A51C-4A88-92A4-034661852692}"
EndProject
Project("{FAE04EC0-301F-11D3-BF4B-00C04F79EFBC}") = "Exercise1", "Exercise1\Exercise1.csproj", "{97CCF4B8-6E79-4994-8913-BD666BE17408}"
EndProject
Project("{2150E333-8FDC-42A3-9474-1A3956D46DE8}") = "Exercise", "Exercise", "{0637F3E8-702E-4DA5-8C62-A14376E3271A}"
EndProject
Project("{FAE04EC0-301F-11D3-BF4B-00C04F79EFBC}") = "Exercise2", "Exercise2\Exercise2.csproj", "{553DB16A-0A57-475C-B02E-E47E73DAF552}"
EndProject
Project("{FAE04EC0-301F-11D3-BF4B-00C04F79EFBC}") = "Exercise3", "Exercise3\Exercise3.csproj", "{96E1A2D1-5E9D-430E-9747-CA50B09D4658}"
EndProject
Project("{2150E333-8FDC-42A3-9474-1A3956D46DE8}") = "Chapter03", "Chapter03", "{F10ED6E8-0FE0-46A7-B675-FBF741CCEE97}"
EndProject
Project("{FAE04EC0-301F-11D3-BF4B-00C04F79EFBC}") = "Section01", "Section01\Section01.csproj", "{627CD339-E897-4B94-AE71-F9D0E6636130}"
EndProject
Project("{FAE04EC0-301F-11D3-BF4B-00C04F79EFBC}") = "Section01", "Chapter04\Section01\Section01.csproj", "{C70DBCE8-06C2-4EB1-BE9E-5DC03BCD9D13}"
EndProject
Project("{2150E333-8FDC-42A3-9474-1A3956D46DE8}") = "Chapter04", "Chapter04", "{160842F4-F6DF-42C3-8F09-6CEC3C2EB86B}"
EndProject
Project("{FAE04EC0-301F-11D3-BF4B-00C04F79EFBC}") = "Exercise1", "Chapter04\Exercise\Exercise1\Exercise1.csproj", "{D3E83DB4-DA7A-4C2E-9831-242470528826}"
EndProject
Project("{2150E333-8FDC-42A3-9474-1A3956D46DE8}") = "Exercise", "Exercise", "{EA94885F-D07E-474B-A0CC-78818C70E83F}"
EndProject
Project("{FAE04EC0-301F-11D3-BF4B-00C04F79EFBC}") = "Exercise2", "Chapter04\Exercise\Exercise2\Exercise2.csproj", "{07FA0E97-5D2F-48B5-8141-BEB184296F00}"
EndProject
Project("{FAE04EC0-301F-11D3-BF4B-00C04F79EFBC}") = "Exercise1", "Chapter05\Exercise1\Exercise1.csproj", "{339BAB39-F0AF-4EB4-8150-90F47060C498}"
EndProject
Project("{2150E333-8FDC-42A3-9474-1A3956D46DE8}") = "Chapter05", "Chapter05", "{DD54DD03-5CD5-494D-9ECF-5F8EB9461E03}"
EndProject
Project("{FAE04EC0-301F-11D3-BF4B-00C04F79EFBC}") = "Test01", "TestProject\Test01\Test01.csproj", "{2BFACDC3-F44D-4199-8498-F5C3C4AC0335}"
EndProject
Project("{FAE04EC0-301F-11D3-BF4B-00C04F79EFBC}") = "Test02", "TestProject\Test02\Test02.csproj", "{E461C0A8-8900-485C-B520-E929BA33F712}"
EndProject
Project("{2150E333-8FDC-42A3-9474-1A3956D46DE8}") = "TestProject", "TestProject", "{C67632A8-BFBC-472B-9BD8-8880F8784C7C}"
EndProject
Global
	GlobalSection(SolutionConfigurationPlatforms) = preSolution
		Debug|Any CPU = Debug|Any CPU
		Release|Any CPU = Release|Any CPU
	EndGlobalSection
	GlobalSection(ProjectConfigurationPlatforms) = postSolution
		{F8F20F79-36E8-40F6-A6AF-CBBD57E022B5}.Debug|Any CPU.ActiveCfg = Debug|Any CPU
		{F8F20F79-36E8-40F6-A6AF-CBBD57E022B5}.Debug|Any CPU.Build.0 = Debug|Any CPU
		{F8F20F79-36E8-40F6-A6AF-CBBD57E022B5}.Release|Any CPU.ActiveCfg = Release|Any CPU
		{F8F20F79-36E8-40F6-A6AF-CBBD57E022B5}.Release|Any CPU.Build.0 = Release|Any CPU
		{FFD4B574-A51C-4A88-92A4-034661852692}.Debug|Any CPU.ActiveCfg = Debug|Any CPU
		{FFD4B574-A51C-4A88-92A4-034661852692}.Debug|Any CPU.Build.0 = Debug|Any CPU
		{FFD4B574-A51C-4A88-92A4-034661852692}.Release|Any CPU.ActiveCfg = Release|Any CPU
		{FFD4B574-A51C-4A88-92A4-034661852692}.Release|Any CPU.Build.0 = Release|Any CPU
		{97CCF4B8-6E79-4994-8913-BD666BE17408}.Debug|Any CPU.ActiveCfg = Debug|Any CPU
		{97CCF4B8-6E79-4994-8913-BD666BE17408}.Debug|Any CPU.Build.0 = Debug|Any CPU
		{97CCF4B8-6E79-4994-8913-BD666BE17408}.Release|Any CPU.ActiveCfg = Release|Any CPU
		{97CCF4B8-6E79-4994-8913-BD666BE17408}.Release|Any CPU.Build.0 = Release|Any CPU
		{553DB16A-0A57-475C-B02E-E47E73DAF552}.Debug|Any CPU.ActiveCfg = Debug|Any CPU
		{553DB16A-0A57-475C-B02E-E47E73DAF552}.Debug|Any CPU.Build.0 = Debug|Any CPU
		{553DB16A-0A57-475C-B02E-E47E73DAF552}.Release|Any CPU.ActiveCfg = Release|Any CPU
		{553DB16A-0A57-475C-B02E-E47E73DAF552}.Release|Any CPU.Build.0 = Release|Any CPU
		{96E1A2D1-5E9D-430E-9747-CA50B09D4658}.Debug|Any CPU.ActiveCfg = Debug|Any CPU
		{96E1A2D1-5E9D-430E-9747-CA50B09D4658}.Debug|Any CPU.Build.0 = Debug|Any CPU
		{96E1A2D1-5E9D-430E-9747-CA50B09D4658}.Release|Any CPU.ActiveCfg = Release|Any CPU
		{96E1A2D1-5E9D-430E-9747-CA50B09D4658}.Release|Any CPU.Build.0 = Release|Any CPU
		{627CD339-E897-4B94-AE71-F9D0E6636130}.Debug|Any CPU.ActiveCfg = Debug|Any CPU
		{627CD339-E897-4B94-AE71-F9D0E6636130}.Debug|Any CPU.Build.0 = Debug|Any CPU
		{627CD339-E897-4B94-AE71-F9D0E6636130}.Release|Any CPU.ActiveCfg = Release|Any CPU
		{627CD339-E897-4B94-AE71-F9D0E6636130}.Release|Any CPU.Build.0 = Release|Any CPU
		{C70DBCE8-06C2-4EB1-BE9E-5DC03BCD9D13}.Debug|Any CPU.ActiveCfg = Debug|Any CPU
		{C70DBCE8-06C2-4EB1-BE9E-5DC03BCD9D13}.Debug|Any CPU.Build.0 = Debug|Any CPU
		{C70DBCE8-06C2-4EB1-BE9E-5DC03BCD9D13}.Release|Any CPU.ActiveCfg = Release|Any CPU
		{C70DBCE8-06C2-4EB1-BE9E-5DC03BCD9D13}.Release|Any CPU.Build.0 = Release|Any CPU
		{D3E83DB4-DA7A-4C2E-9831-242470528826}.Debug|Any CPU.ActiveCfg = Debug|Any CPU
		{D3E83DB4-DA7A-4C2E-9831-242470528826}.Debug|Any CPU.Build.0 = Debug|Any CPU
		{D3E83DB4-DA7A-4C2E-9831-242470528826}.Release|Any CPU.ActiveCfg = Release|Any CPU
		{D3E83DB4-DA7A-4C2E-9831-242470528826}.Release|Any CPU.Build.0 = Release|Any CPU
		{07FA0E97-5D2F-48B5-8141-BEB184296F00}.Debug|Any CPU.ActiveCfg = Debug|Any CPU
		{07FA0E97-5D2F-48B5-8141-BEB184296F00}.Debug|Any CPU.Build.0 = Debug|Any CPU
		{07FA0E97-5D2F-48B5-8141-BEB184296F00}.Release|Any CPU.ActiveCfg = Release|Any CPU
		{07FA0E97-5D2F-48B5-8141-BEB184296F00}.Release|Any CPU.Build.0 = Release|Any CPU
		{339BAB39-F0AF-4EB4-8150-90F47060C498}.Debug|Any CPU.ActiveCfg = Debug|Any CPU
		{339BAB39-F0AF-4EB4-8150-90F47060C498}.Debug|Any CPU.Build.0 = Debug|Any CPU
		{339BAB39-F0AF-4EB4-8150-90F47060C498}.Release|Any CPU.ActiveCfg = Release|Any CPU
		{339BAB39-F0AF-4EB4-8150-90F47060C498}.Release|Any CPU.Build.0 = Release|Any CPU
		{2BFACDC3-F44D-4199-8498-F5C3C4AC0335}.Debug|Any CPU.ActiveCfg = Debug|Any CPU
		{2BFACDC3-F44D-4199-8498-F5C3C4AC0335}.Debug|Any CPU.Build.0 = Debug|Any CPU
		{2BFACDC3-F44D-4199-8498-F5C3C4AC0335}.Release|Any CPU.ActiveCfg = Release|Any CPU
		{2BFACDC3-F44D-4199-8498-F5C3C4AC0335}.Release|Any CPU.Build.0 = Release|Any CPU
		{E461C0A8-8900-485C-B520-E929BA33F712}.Debug|Any CPU.ActiveCfg = Debug|Any CPU
		{E461C0A8-8900-485C-B520-E929BA33F712}.Debug|Any CPU.Build.0 = Debug|Any CPU
		{E461C0A8-8900-485C-B520-E929BA33F712}.Release|Any CPU.ActiveCfg = Release|Any CPU
		{E461C0A8-8900-485C-B520-E929BA33F712}.Release|Any CPU.Build.0 = Release|Any CPU
	EndGlobalSection
	GlobalSection(SolutionProperties) = preSolution
		HideSolutionNode = FALSE
	EndGlobalSection
	GlobalSection(NestedProjects) = preSolution
		{F8F20F79-36E8-40F6-A6AF-CBBD57E022B5} = {7D9170BE-838B-4713-951E-ACDA2EA0C4F3}
		{FFD4B574-A51C-4A88-92A4-034661852692} = {7D9170BE-838B-4713-951E-ACDA2EA0C4F3}
		{97CCF4B8-6E79-4994-8913-BD666BE17408} = {0637F3E8-702E-4DA5-8C62-A14376E3271A}
		{0637F3E8-702E-4DA5-8C62-A14376E3271A} = {7D9170BE-838B-4713-951E-ACDA2EA0C4F3}
		{553DB16A-0A57-475C-B02E-E47E73DAF552} = {0637F3E8-702E-4DA5-8C62-A14376E3271A}
		{96E1A2D1-5E9D-430E-9747-CA50B09D4658} = {0637F3E8-702E-4DA5-8C62-A14376E3271A}
		{627CD339-E897-4B94-AE71-F9D0E6636130} = {F10ED6E8-0FE0-46A7-B675-FBF741CCEE97}
		{C70DBCE8-06C2-4EB1-BE9E-5DC03BCD9D13} = {160842F4-F6DF-42C3-8F09-6CEC3C2EB86B}
		{D3E83DB4-DA7A-4C2E-9831-242470528826} = {EA94885F-D07E-474B-A0CC-78818C70E83F}
		{EA94885F-D07E-474B-A0CC-78818C70E83F} = {160842F4-F6DF-42C3-8F09-6CEC3C2EB86B}
		{07FA0E97-5D2F-48B5-8141-BEB184296F00} = {EA94885F-D07E-474B-A0CC-78818C70E83F}
		{339BAB39-F0AF-4EB4-8150-90F47060C498} = {DD54DD03-5CD5-494D-9ECF-5F8EB9461E03}
		{2BFACDC3-F44D-4199-8498-F5C3C4AC0335} = {C67632A8-BFBC-472B-9BD8-8880F8784C7C}
		{E461C0A8-8900-485C-B520-E929BA33F712} = {C67632A8-BFBC-472B-9BD8-8880F8784C7C}
	EndGlobalSection
	GlobalSection(ExtensibilityGlobals) = postSolution
		SolutionGuid = {5B3F4533-0FDC-4CDC-B4E2-4347FD38D513}
	EndGlobalSection
EndGlobal
