
Microsoft Visual Studio Solution File, Format Version 12.00
# Visual Studio Version 16
VisualStudioVersion = 16.0.31112.23
MinimumVisualStudioVersion = 10.0.40219.1
Project("{2150E333-8FDC-42A3-9474-1A3956D46DE8}") = "Chapter02", "Chapter02", "{7D9170BE-838B-4713-951E-ACDA2EA0C4F3}"
EndProject
Project("{FAE04EC0-301F-11D3-BF4B-00C04F79EFBC}") = "DistanceConverter", "DistanceConverter\DistanceConverter.csproj", "{F8F20F79-36E8-40F6-A6AF-CBBD57E022B5}"
EndProject
Project("{FAE04EC0-301F-11D3-BF4B-00C04F79EFBC}") = "SalesCalculator", "SalesCalculator\SalesCalculator.csproj", "{FFD4B574-A51C-4A88-92A4-034661852692}"
EndProject
Project("{FAE04EC0-301F-11D3-BF4B-00C04F79EFBC}") = "Exercise1", "Exercise1\Exercise1.csproj", "{97CCF4B8-6E79-4994-8913-BD666BE17408}"
EndProject
Project("{2150E333-8FDC-42A3-9474-1A3956D46DE8}") = "Exercise", "Exercise", "{0637F3E8-702E-4DA5-8C62-A14376E3271A}"
EndProject
Project("{FAE04EC0-301F-11D3-BF4B-00C04F79EFBC}") = "Exercise2", "Exercise2\Exercise2.csproj", "{553DB16A-0A57-475C-B02E-E47E73DAF552}"
EndProject
Project("{FAE04EC0-301F-11D3-BF4B-00C04F79EFBC}") = "Exercise3", "Exercise3\Exercise3.csproj", "{96E1A2D1-5E9D-430E-9747-CA50B09D4658}"
EndProject
Project("{2150E333-8FDC-42A3-9474-1A3956D46DE8}") = "Chapter03", "Chapter03", "{F10ED6E8-0FE0-46A7-B675-FBF741CCEE97}"
EndProject
Project("{FAE04EC0-301F-11D3-BF4B-00C04F79EFBC}") = "Section01", "Section01\Section01.csproj", "{627CD339-E897-4B94-AE71-F9D0E6636130}"
EndProject
Project("{FAE04EC0-301F-11D3-BF4B-00C04F79EFBC}") = "Section01", "Chapter04\Section01\Section01.csproj", "{C70DBCE8-06C2-4EB1-BE9E-5DC03BCD9D13}"
EndProject
Project("{2150E333-8FDC-42A3-9474-1A3956D46DE8}") = "Chapter04", "Chapter04", "{160842F4-F6DF-42C3-8F09-6CEC3C2EB86B}"
EndProject
Project("{FAE04EC0-301F-11D3-BF4B-00C04F79EFBC}") = "Exercise1", "Chapter04\Exercise\Exercise1\Exercise1.csproj", "{D3E83DB4-DA7A-4C2E-9831-242470528826}"
EndProject
Project("{2150E333-8FDC-42A3-9474-1A3956D46DE8}") = "Exercise", "Exercise", "{EA94885F-D07E-474B-A0CC-78818C70E83F}"
EndProject
Project("{FAE04EC0-301F-11D3-BF4B-00C04F79EFBC}") = "Exercise2", "Chapter04\Exercise\Exercise2\Exercise2.csproj", "{07FA0E97-5D2F-48B5-8141-BEB184296F00}"
EndProject
Project("{FAE04EC0-301F-11D3-BF4B-00C04F79EFBC}") = "Exercise1", "Chapter05\Exercise1\Exercise1.csproj", "{339BAB39-F0AF-4EB4-8150-90F47060C498}"
EndProject
Project("{2150E333-8FDC-42A3-9474-1A3956D46DE8}") = "Chapter05", "Chapter05", "{DD54DD03-5CD5-494D-9ECF-5F8EB9461E03}"
EndProject
Project("{FAE04EC0-301F-11D3-BF4B-00C04F79EFBC}") = "Test01", "TestProject\Test01\Test01.csproj", "{2BFACDC3-F44D-4199-8498-F5C3C4AC0335}"
EndProject
Project("{FAE04EC0-301F-11D3-BF4B-00C04F79EFBC}") = "Test02", "TestProject\Test02\Test02.csproj", "{E461C0A8-8900-485C-B520-E929BA33F712}"
EndProject
Project("{2150E333-8FDC-42A3-9474-1A3956D46DE8}") = "TestProject", "TestProject", "{C67632A8-BFBC-472B-9BD8-8880F8784C7C}"
EndProject
Project("{FAE04EC0-301F-11D3-BF4B-00C04F79EFBC}") = "Exercise2", "Chapter05\Excercise2\Exercise2.csproj", "{75D29ACB-9B6A-4C96-8B2A-D61027057540}"
EndProject
Project("{FAE04EC0-301F-11D3-BF4B-00C04F79EFBC}") = "Exercise3", "Chapter05\Exercise3\Exercise3.csproj", "{8DEFE5B6-9FD5-406D-B4E3-E3D20A3F80D2}"
EndProject
Project("{FAE04EC0-301F-11D3-BF4B-00C04F79EFBC}") = "Section01", "Chapter06\Section01\Section01.csproj", "{2B4F21F8-C97F-4011-A532-AD6A2B75854A}"
EndProject
Project("{2150E333-8FDC-42A3-9474-1A3956D46DE8}") = "Chapter06", "Chapter06", "{D1C57D63-1849-4BCF-8DA7-613A0DE18E3E}"
EndProject
Project("{FAE04EC0-301F-11D3-BF4B-00C04F79EFBC}") = "Exercise1", "Chapter06\Exercise\Exercise1\Exercise1.csproj", "{13587A30-645B-440E-8ADF-F1B36814FE67}"
EndProject
Project("{2150E333-8FDC-42A3-9474-1A3956D46DE8}") = "Exercise", "Exercise", "{F7300163-D86F-4D46-B39B-24F13D28C9D7}"
EndProject
Project("{FAE04EC0-301F-11D3-BF4B-00C04F79EFBC}") = "Exercise2", "Chapter06\Exercise\Exercise2\Exercise2.csproj", "{77B5D012-0802-482E-9B3F-8162E522EE92}"
EndProject
Project("{2150E333-8FDC-42A3-9474-1A3956D46DE8}") = "Chapter07", "Chapter07", "{92D41475-16E0-407E-9E5E-9F4690EEED5F}"
EndProject
Project("{FAE04EC0-301F-11D3-BF4B-00C04F79EFBC}") = "Section03", "Chapter07\Section03\Section03.csproj", "{9666A25E-BC82-487A-A2BF-FF02E7DD010C}"
EndProject
Project("{FAE04EC0-301F-11D3-BF4B-00C04F79EFBC}") = "Exercise1", "Chapter07\Exercise\Exercise1\Exercise1.csproj", "{B449637A-4505-4B8D-B1D4-50C35D57177E}"
EndProject
Project("{2150E333-8FDC-42A3-9474-1A3956D46DE8}") = "Chapter08", "Chapter08", "{E578EC02-7549-4A1E-9E32-E8237028CB6C}"
EndProject
Project("{FAE04EC0-301F-11D3-BF4B-00C04F79EFBC}") = "Exercise1", "Chapter08\Exercise1\Exercise1.csproj", "{B345356D-9BCB-4C65-B6C3-121446B451F4}"
EndProject
Project("{2150E333-8FDC-42A3-9474-1A3956D46DE8}") = "Exercise", "Exercise", "{D82BDA5B-4736-48EC-8FC6-0A1B3A10ADC3}"
EndProject
Project("{FAE04EC0-301F-11D3-BF4B-00C04F79EFBC}") = "Exercise1", "Chapter08\Exercise\Exercise1\Exercise1.csproj", "{959A2580-0B90-4F3B-A348-41FE42812D9A}"
EndProject
Project("{FAE04EC0-301F-11D3-BF4B-00C04F79EFBC}") = "StopWatch", "Chapter08\StopWatch\StopWatch.csproj", "{FE779C02-7885-458C-BCDD-3F02369440EF}"
EndProject
Project("{2150E333-8FDC-42A3-9474-1A3956D46DE8}") = "CarReportSystem", "CarReportSystem", "{47335E04-C6A7-4A2E-A4FF-696CD227A300}"
EndProject
Project("{FAE04EC0-301F-11D3-BF4B-00C04F79EFBC}") = "CarReportSystem", "CarReportSystem\CarReportSystem\CarReportSystem.csproj", "{C8D43A5D-B463-45DF-90BA-F1D9DDEF069E}"
EndProject
Project("{FAE04EC0-301F-11D3-BF4B-00C04F79EFBC}") = "Exercise1", "Chapter09\Exercise1\Exercise1.csproj", "{82C226CA-C0EC-4170-8044-B5623972BBA7}"
EndProject
Project("{2150E333-8FDC-42A3-9474-1A3956D46DE8}") = "Chapter09", "Chapter09", "{3B432BB4-E864-47A9-BD76-E855D2218C05}"
EndProject
Project("{FAE04EC0-301F-11D3-BF4B-00C04F79EFBC}") = "Exercise2", "Chapter09\Exercise2\Exercise2.csproj", "{788037DB-3B22-4F51-BEE4-CCC6ACE16692}"
EndProject
Project("{FAE04EC0-301F-11D3-BF4B-00C04F79EFBC}") = "Exercise3", "Chapter09\Exercise3\Exercise3.csproj", "{97F451BB-DC6B-4DCE-B3A6-2D03D12BDAF7}"
EndProject
Project("{FAE04EC0-301F-11D3-BF4B-00C04F79EFBC}") = "Exercise4", "Chapter09\Exercise4\Exercise4.csproj", "{27001556-99FC-4655-8547-3C0A7BE5BFE3}"
EndProject
Project("{FAE04EC0-301F-11D3-BF4B-00C04F79EFBC}") = "Sample0823", "Sample0823\Sample0823.csproj", "{D9B875B3-E9F0-4788-870B-7984C96C5A51}"
EndProject
Project("{FAE04EC0-301F-11D3-BF4B-00C04F79EFBC}") = "Section01", "Chapter11\Section01\Section01.csproj", "{1AD43401-831B-47D7-98CE-4FDCC4A501D5}"
EndProject
Project("{2150E333-8FDC-42A3-9474-1A3956D46DE8}") = "Chapter11", "Chapter11", "{110F66CA-E3E5-4FD8-9C0F-A8724A0FD43F}"
	ProjectSection(SolutionItems) = preProject
		..\..\..\..\Downloads\novelists.xml = ..\..\..\..\Downloads\novelists.xml
	EndProjectSection
EndProject
Project("{FAE04EC0-301F-11D3-BF4B-00C04F79EFBC}") = "Exercise1", "Chapter11\Exercise1\Exercise1.csproj", "{47211D1A-7BE5-4923-AC97-27CEF0512868}"
EndProject
Project("{FAE04EC0-301F-11D3-BF4B-00C04F79EFBC}") = "Section02", "Chapter11\Section02\Section02.csproj", "{B7EEA8AC-51BD-44D9-88BC-ACE2A11EA9E7}"
EndProject
Project("{2150E333-8FDC-42A3-9474-1A3956D46DE8}") = "Chapter14", "Chapter14", "{8ABE8EE8-F238-4821-A7BA-6834FB229AD4}"
EndProject
Project("{FAE04EC0-301F-11D3-BF4B-00C04F79EFBC}") = "Section04", "Chapter14\ConsoleApp1\Section04.csproj", "{60644F96-715B-4D08-96C9-53C55ABDB201}"
EndProject
Project("{2150E333-8FDC-42A3-9474-1A3956D46DE8}") = "WeatherApp", "WeatherApp", "{47600CBA-84FC-4355-AFF5-62E8E71A2A4A}"
EndProject
Project("{FAE04EC0-301F-11D3-BF4B-00C04F79EFBC}") = "WeatherApp", "WeatherApp\WeatherApp\WeatherApp.csproj", "{F274C87A-70E5-44E3-BE47-0751EF2BD1EA}"
EndProject
Project("{2150E333-8FDC-42A3-9474-1A3956D46DE8}") = "RssReader", "RssReader", "{B413102C-4EC4-49F3-BE40-30CD6E33E733}"
EndProject
Project("{FAE04EC0-301F-11D3-BF4B-00C04F79EFBC}") = "RssReader", "RssReader\RssReader\RssReader.csproj", "{B71A8313-4C6B-41FE-B5DD-784A0FCA7CFC}"
EndProject
Project("{2150E333-8FDC-42A3-9474-1A3956D46DE8}") = "SendMail", "SendMail", "{52432846-225A-4811-AAB0-71C508EACD32}"
	ProjectSection(SolutionItems) = preProject
		..\..\..\..\Desktop\テスト仕様書_32025.xlsx = ..\..\..\..\Desktop\テスト仕様書_32025.xlsx
	EndProjectSection
EndProject
Project("{FAE04EC0-301F-11D3-BF4B-00C04F79EFBC}") = "SendMail", "SendMail\SendMail\SendMail.csproj", "{5AD779F8-A3F0-4C94-9153-6C2FC59ABE14}"
EndProject
Project("{FAE04EC0-301F-11D3-BF4B-00C04F79EFBC}") = "Section04_Json", "Chapter14\Section04_Json\Section04_Json.csproj", "{09BEC010-E6B3-4D3F-A21A-EA7FF30156D7}"
EndProject
Project("{FAE04EC0-301F-11D3-BF4B-00C04F79EFBC}") = "SampleEntityFramework", "EntityFramework\SampleEntityFramework\SampleEntityFramework.csproj", "{353C67FA-2B71-4D7C-B3A7-7BA30EACA577}"
EndProject
Project("{2150E333-8FDC-42A3-9474-1A3956D46DE8}") = "Chapter13", "Chapter13", "{529F9A61-FD31-4DDB-9A9A-A5631922CFB3}"
EndProject
Project("{2150E333-8FDC-42A3-9474-1A3956D46DE8}") = "ADO.NET", "ADO.NET", "{4C7AE75B-9A69-4B63-B654-3843E2DF0870}"
EndProject
Project("{FAE04EC0-301F-11D3-BF4B-00C04F79EFBC}") = "AddressBook", "ADO.NET\AddressBook\AddressBook.csproj", "{B0D4962B-7B09-4AC6-9160-C3207C7FD2BD}"
EndProject
Project("{FAE04EC0-301F-11D3-BF4B-00C04F79EFBC}") = "SampleApp", "WPF\SampleApp\SampleApp.csproj", "{985DDD85-055F-4CE1-A8D9-F78E1BC0CE2E}"
EndProject
Project("{2150E333-8FDC-42A3-9474-1A3956D46DE8}") = "WPF", "WPF", "{AB1A414D-E7AE-4A60-8F7C-DC6B313AE1FB}"
EndProject
Project("{FAE04EC0-301F-11D3-BF4B-00C04F79EFBC}") = "SampleGridApp", "WPF\SampleGridApp\SampleGridApp.csproj", "{DF9B2622-9065-4A05-BB96-18EDDAFD8EFB}"
EndProject
Global
	GlobalSection(SolutionConfigurationPlatforms) = preSolution
		Debug|Any CPU = Debug|Any CPU
		Release|Any CPU = Release|Any CPU
	EndGlobalSection
	GlobalSection(ProjectConfigurationPlatforms) = postSolution
		{F8F20F79-36E8-40F6-A6AF-CBBD57E022B5}.Debug|Any CPU.ActiveCfg = Debug|Any CPU
		{F8F20F79-36E8-40F6-A6AF-CBBD57E022B5}.Debug|Any CPU.Build.0 = Debug|Any CPU
		{F8F20F79-36E8-40F6-A6AF-CBBD57E022B5}.Release|Any CPU.ActiveCfg = Release|Any CPU
		{F8F20F79-36E8-40F6-A6AF-CBBD57E022B5}.Release|Any CPU.Build.0 = Release|Any CPU
		{FFD4B574-A51C-4A88-92A4-034661852692}.Debug|Any CPU.ActiveCfg = Debug|Any CPU
		{FFD4B574-A51C-4A88-92A4-034661852692}.Debug|Any CPU.Build.0 = Debug|Any CPU
		{FFD4B574-A51C-4A88-92A4-034661852692}.Release|Any CPU.ActiveCfg = Release|Any CPU
		{FFD4B574-A51C-4A88-92A4-034661852692}.Release|Any CPU.Build.0 = Release|Any CPU
		{97CCF4B8-6E79-4994-8913-BD666BE17408}.Debug|Any CPU.ActiveCfg = Debug|Any CPU
		{97CCF4B8-6E79-4994-8913-BD666BE17408}.Debug|Any CPU.Build.0 = Debug|Any CPU
		{97CCF4B8-6E79-4994-8913-BD666BE17408}.Release|Any CPU.ActiveCfg = Release|Any CPU
		{97CCF4B8-6E79-4994-8913-BD666BE17408}.Release|Any CPU.Build.0 = Release|Any CPU
		{553DB16A-0A57-475C-B02E-E47E73DAF552}.Debug|Any CPU.ActiveCfg = Debug|Any CPU
		{553DB16A-0A57-475C-B02E-E47E73DAF552}.Debug|Any CPU.Build.0 = Debug|Any CPU
		{553DB16A-0A57-475C-B02E-E47E73DAF552}.Release|Any CPU.ActiveCfg = Release|Any CPU
		{553DB16A-0A57-475C-B02E-E47E73DAF552}.Release|Any CPU.Build.0 = Release|Any CPU
		{96E1A2D1-5E9D-430E-9747-CA50B09D4658}.Debug|Any CPU.ActiveCfg = Debug|Any CPU
		{96E1A2D1-5E9D-430E-9747-CA50B09D4658}.Debug|Any CPU.Build.0 = Debug|Any CPU
		{96E1A2D1-5E9D-430E-9747-CA50B09D4658}.Release|Any CPU.ActiveCfg = Release|Any CPU
		{96E1A2D1-5E9D-430E-9747-CA50B09D4658}.Release|Any CPU.Build.0 = Release|Any CPU
		{627CD339-E897-4B94-AE71-F9D0E6636130}.Debug|Any CPU.ActiveCfg = Debug|Any CPU
		{627CD339-E897-4B94-AE71-F9D0E6636130}.Debug|Any CPU.Build.0 = Debug|Any CPU
		{627CD339-E897-4B94-AE71-F9D0E6636130}.Release|Any CPU.ActiveCfg = Release|Any CPU
		{627CD339-E897-4B94-AE71-F9D0E6636130}.Release|Any CPU.Build.0 = Release|Any CPU
		{C70DBCE8-06C2-4EB1-BE9E-5DC03BCD9D13}.Debug|Any CPU.ActiveCfg = Debug|Any CPU
		{C70DBCE8-06C2-4EB1-BE9E-5DC03BCD9D13}.Debug|Any CPU.Build.0 = Debug|Any CPU
		{C70DBCE8-06C2-4EB1-BE9E-5DC03BCD9D13}.Release|Any CPU.ActiveCfg = Release|Any CPU
		{C70DBCE8-06C2-4EB1-BE9E-5DC03BCD9D13}.Release|Any CPU.Build.0 = Release|Any CPU
		{D3E83DB4-DA7A-4C2E-9831-242470528826}.Debug|Any CPU.ActiveCfg = Debug|Any CPU
		{D3E83DB4-DA7A-4C2E-9831-242470528826}.Debug|Any CPU.Build.0 = Debug|Any CPU
		{D3E83DB4-DA7A-4C2E-9831-242470528826}.Release|Any CPU.ActiveCfg = Release|Any CPU
		{D3E83DB4-DA7A-4C2E-9831-242470528826}.Release|Any CPU.Build.0 = Release|Any CPU
		{07FA0E97-5D2F-48B5-8141-BEB184296F00}.Debug|Any CPU.ActiveCfg = Debug|Any CPU
		{07FA0E97-5D2F-48B5-8141-BEB184296F00}.Debug|Any CPU.Build.0 = Debug|Any CPU
		{07FA0E97-5D2F-48B5-8141-BEB184296F00}.Release|Any CPU.ActiveCfg = Release|Any CPU
		{07FA0E97-5D2F-48B5-8141-BEB184296F00}.Release|Any CPU.Build.0 = Release|Any CPU
		{339BAB39-F0AF-4EB4-8150-90F47060C498}.Debug|Any CPU.ActiveCfg = Debug|Any CPU
		{339BAB39-F0AF-4EB4-8150-90F47060C498}.Debug|Any CPU.Build.0 = Debug|Any CPU
		{339BAB39-F0AF-4EB4-8150-90F47060C498}.Release|Any CPU.ActiveCfg = Release|Any CPU
		{339BAB39-F0AF-4EB4-8150-90F47060C498}.Release|Any CPU.Build.0 = Release|Any CPU
		{2BFACDC3-F44D-4199-8498-F5C3C4AC0335}.Debug|Any CPU.ActiveCfg = Debug|Any CPU
		{2BFACDC3-F44D-4199-8498-F5C3C4AC0335}.Debug|Any CPU.Build.0 = Debug|Any CPU
		{2BFACDC3-F44D-4199-8498-F5C3C4AC0335}.Release|Any CPU.ActiveCfg = Release|Any CPU
		{2BFACDC3-F44D-4199-8498-F5C3C4AC0335}.Release|Any CPU.Build.0 = Release|Any CPU
		{E461C0A8-8900-485C-B520-E929BA33F712}.Debug|Any CPU.ActiveCfg = Debug|Any CPU
		{E461C0A8-8900-485C-B520-E929BA33F712}.Debug|Any CPU.Build.0 = Debug|Any CPU
		{E461C0A8-8900-485C-B520-E929BA33F712}.Release|Any CPU.ActiveCfg = Release|Any CPU
		{E461C0A8-8900-485C-B520-E929BA33F712}.Release|Any CPU.Build.0 = Release|Any CPU
		{75D29ACB-9B6A-4C96-8B2A-D61027057540}.Debug|Any CPU.ActiveCfg = Debug|Any CPU
		{75D29ACB-9B6A-4C96-8B2A-D61027057540}.Debug|Any CPU.Build.0 = Debug|Any CPU
		{75D29ACB-9B6A-4C96-8B2A-D61027057540}.Release|Any CPU.ActiveCfg = Release|Any CPU
		{75D29ACB-9B6A-4C96-8B2A-D61027057540}.Release|Any CPU.Build.0 = Release|Any CPU
		{8DEFE5B6-9FD5-406D-B4E3-E3D20A3F80D2}.Debug|Any CPU.ActiveCfg = Debug|Any CPU
		{8DEFE5B6-9FD5-406D-B4E3-E3D20A3F80D2}.Debug|Any CPU.Build.0 = Debug|Any CPU
		{8DEFE5B6-9FD5-406D-B4E3-E3D20A3F80D2}.Release|Any CPU.ActiveCfg = Release|Any CPU
		{8DEFE5B6-9FD5-406D-B4E3-E3D20A3F80D2}.Release|Any CPU.Build.0 = Release|Any CPU
		{2B4F21F8-C97F-4011-A532-AD6A2B75854A}.Debug|Any CPU.ActiveCfg = Debug|Any CPU
		{2B4F21F8-C97F-4011-A532-AD6A2B75854A}.Debug|Any CPU.Build.0 = Debug|Any CPU
		{2B4F21F8-C97F-4011-A532-AD6A2B75854A}.Release|Any CPU.ActiveCfg = Release|Any CPU
		{2B4F21F8-C97F-4011-A532-AD6A2B75854A}.Release|Any CPU.Build.0 = Release|Any CPU
		{13587A30-645B-440E-8ADF-F1B36814FE67}.Debug|Any CPU.ActiveCfg = Debug|Any CPU
		{13587A30-645B-440E-8ADF-F1B36814FE67}.Debug|Any CPU.Build.0 = Debug|Any CPU
		{13587A30-645B-440E-8ADF-F1B36814FE67}.Release|Any CPU.ActiveCfg = Release|Any CPU
		{13587A30-645B-440E-8ADF-F1B36814FE67}.Release|Any CPU.Build.0 = Release|Any CPU
		{77B5D012-0802-482E-9B3F-8162E522EE92}.Debug|Any CPU.ActiveCfg = Debug|Any CPU
		{77B5D012-0802-482E-9B3F-8162E522EE92}.Debug|Any CPU.Build.0 = Debug|Any CPU
		{77B5D012-0802-482E-9B3F-8162E522EE92}.Release|Any CPU.ActiveCfg = Release|Any CPU
		{77B5D012-0802-482E-9B3F-8162E522EE92}.Release|Any CPU.Build.0 = Release|Any CPU
		{9666A25E-BC82-487A-A2BF-FF02E7DD010C}.Debug|Any CPU.ActiveCfg = Debug|Any CPU
		{9666A25E-BC82-487A-A2BF-FF02E7DD010C}.Debug|Any CPU.Build.0 = Debug|Any CPU
		{9666A25E-BC82-487A-A2BF-FF02E7DD010C}.Release|Any CPU.ActiveCfg = Release|Any CPU
		{9666A25E-BC82-487A-A2BF-FF02E7DD010C}.Release|Any CPU.Build.0 = Release|Any CPU
		{B449637A-4505-4B8D-B1D4-50C35D57177E}.Debug|Any CPU.ActiveCfg = Debug|Any CPU
		{B449637A-4505-4B8D-B1D4-50C35D57177E}.Debug|Any CPU.Build.0 = Debug|Any CPU
		{B449637A-4505-4B8D-B1D4-50C35D57177E}.Release|Any CPU.ActiveCfg = Release|Any CPU
		{B449637A-4505-4B8D-B1D4-50C35D57177E}.Release|Any CPU.Build.0 = Release|Any CPU
		{B345356D-9BCB-4C65-B6C3-121446B451F4}.Debug|Any CPU.ActiveCfg = Debug|Any CPU
		{B345356D-9BCB-4C65-B6C3-121446B451F4}.Debug|Any CPU.Build.0 = Debug|Any CPU
		{B345356D-9BCB-4C65-B6C3-121446B451F4}.Release|Any CPU.ActiveCfg = Release|Any CPU
		{B345356D-9BCB-4C65-B6C3-121446B451F4}.Release|Any CPU.Build.0 = Release|Any CPU
		{959A2580-0B90-4F3B-A348-41FE42812D9A}.Debug|Any CPU.ActiveCfg = Debug|Any CPU
		{959A2580-0B90-4F3B-A348-41FE42812D9A}.Debug|Any CPU.Build.0 = Debug|Any CPU
		{959A2580-0B90-4F3B-A348-41FE42812D9A}.Release|Any CPU.ActiveCfg = Release|Any CPU
		{959A2580-0B90-4F3B-A348-41FE42812D9A}.Release|Any CPU.Build.0 = Release|Any CPU
		{FE779C02-7885-458C-BCDD-3F02369440EF}.Debug|Any CPU.ActiveCfg = Debug|Any CPU
		{FE779C02-7885-458C-BCDD-3F02369440EF}.Debug|Any CPU.Build.0 = Debug|Any CPU
		{FE779C02-7885-458C-BCDD-3F02369440EF}.Release|Any CPU.ActiveCfg = Release|Any CPU
		{FE779C02-7885-458C-BCDD-3F02369440EF}.Release|Any CPU.Build.0 = Release|Any CPU
		{C8D43A5D-B463-45DF-90BA-F1D9DDEF069E}.Debug|Any CPU.ActiveCfg = Debug|Any CPU
		{C8D43A5D-B463-45DF-90BA-F1D9DDEF069E}.Debug|Any CPU.Build.0 = Debug|Any CPU
		{C8D43A5D-B463-45DF-90BA-F1D9DDEF069E}.Release|Any CPU.ActiveCfg = Release|Any CPU
		{C8D43A5D-B463-45DF-90BA-F1D9DDEF069E}.Release|Any CPU.Build.0 = Release|Any CPU
		{82C226CA-C0EC-4170-8044-B5623972BBA7}.Debug|Any CPU.ActiveCfg = Debug|Any CPU
		{82C226CA-C0EC-4170-8044-B5623972BBA7}.Debug|Any CPU.Build.0 = Debug|Any CPU
		{82C226CA-C0EC-4170-8044-B5623972BBA7}.Release|Any CPU.ActiveCfg = Release|Any CPU
		{82C226CA-C0EC-4170-8044-B5623972BBA7}.Release|Any CPU.Build.0 = Release|Any CPU
		{788037DB-3B22-4F51-BEE4-CCC6ACE16692}.Debug|Any CPU.ActiveCfg = Debug|Any CPU
		{788037DB-3B22-4F51-BEE4-CCC6ACE16692}.Debug|Any CPU.Build.0 = Debug|Any CPU
		{788037DB-3B22-4F51-BEE4-CCC6ACE16692}.Release|Any CPU.ActiveCfg = Release|Any CPU
		{788037DB-3B22-4F51-BEE4-CCC6ACE16692}.Release|Any CPU.Build.0 = Release|Any CPU
		{97F451BB-DC6B-4DCE-B3A6-2D03D12BDAF7}.Debug|Any CPU.ActiveCfg = Debug|Any CPU
		{97F451BB-DC6B-4DCE-B3A6-2D03D12BDAF7}.Debug|Any CPU.Build.0 = Debug|Any CPU
		{97F451BB-DC6B-4DCE-B3A6-2D03D12BDAF7}.Release|Any CPU.ActiveCfg = Release|Any CPU
		{97F451BB-DC6B-4DCE-B3A6-2D03D12BDAF7}.Release|Any CPU.Build.0 = Release|Any CPU
		{27001556-99FC-4655-8547-3C0A7BE5BFE3}.Debug|Any CPU.ActiveCfg = Debug|Any CPU
		{27001556-99FC-4655-8547-3C0A7BE5BFE3}.Debug|Any CPU.Build.0 = Debug|Any CPU
		{27001556-99FC-4655-8547-3C0A7BE5BFE3}.Release|Any CPU.ActiveCfg = Release|Any CPU
		{27001556-99FC-4655-8547-3C0A7BE5BFE3}.Release|Any CPU.Build.0 = Release|Any CPU
		{D9B875B3-E9F0-4788-870B-7984C96C5A51}.Debug|Any CPU.ActiveCfg = Debug|Any CPU
		{D9B875B3-E9F0-4788-870B-7984C96C5A51}.Debug|Any CPU.Build.0 = Debug|Any CPU
		{D9B875B3-E9F0-4788-870B-7984C96C5A51}.Release|Any CPU.ActiveCfg = Release|Any CPU
		{D9B875B3-E9F0-4788-870B-7984C96C5A51}.Release|Any CPU.Build.0 = Release|Any CPU
		{1AD43401-831B-47D7-98CE-4FDCC4A501D5}.Debug|Any CPU.ActiveCfg = Debug|Any CPU
		{1AD43401-831B-47D7-98CE-4FDCC4A501D5}.Debug|Any CPU.Build.0 = Debug|Any CPU
		{1AD43401-831B-47D7-98CE-4FDCC4A501D5}.Release|Any CPU.ActiveCfg = Release|Any CPU
		{1AD43401-831B-47D7-98CE-4FDCC4A501D5}.Release|Any CPU.Build.0 = Release|Any CPU
		{47211D1A-7BE5-4923-AC97-27CEF0512868}.Debug|Any CPU.ActiveCfg = Debug|Any CPU
		{47211D1A-7BE5-4923-AC97-27CEF0512868}.Debug|Any CPU.Build.0 = Debug|Any CPU
		{47211D1A-7BE5-4923-AC97-27CEF0512868}.Release|Any CPU.ActiveCfg = Release|Any CPU
		{47211D1A-7BE5-4923-AC97-27CEF0512868}.Release|Any CPU.Build.0 = Release|Any CPU
		{B7EEA8AC-51BD-44D9-88BC-ACE2A11EA9E7}.Debug|Any CPU.ActiveCfg = Debug|Any CPU
		{B7EEA8AC-51BD-44D9-88BC-ACE2A11EA9E7}.Debug|Any CPU.Build.0 = Debug|Any CPU
		{B7EEA8AC-51BD-44D9-88BC-ACE2A11EA9E7}.Release|Any CPU.ActiveCfg = Release|Any CPU
		{B7EEA8AC-51BD-44D9-88BC-ACE2A11EA9E7}.Release|Any CPU.Build.0 = Release|Any CPU
		{60644F96-715B-4D08-96C9-53C55ABDB201}.Debug|Any CPU.ActiveCfg = Debug|Any CPU
		{60644F96-715B-4D08-96C9-53C55ABDB201}.Debug|Any CPU.Build.0 = Debug|Any CPU
		{60644F96-715B-4D08-96C9-53C55ABDB201}.Release|Any CPU.ActiveCfg = Release|Any CPU
		{60644F96-715B-4D08-96C9-53C55ABDB201}.Release|Any CPU.Build.0 = Release|Any CPU
		{F274C87A-70E5-44E3-BE47-0751EF2BD1EA}.Debug|Any CPU.ActiveCfg = Debug|Any CPU
		{F274C87A-70E5-44E3-BE47-0751EF2BD1EA}.Debug|Any CPU.Build.0 = Debug|Any CPU
		{F274C87A-70E5-44E3-BE47-0751EF2BD1EA}.Release|Any CPU.ActiveCfg = Release|Any CPU
		{F274C87A-70E5-44E3-BE47-0751EF2BD1EA}.Release|Any CPU.Build.0 = Release|Any CPU
		{B71A8313-4C6B-41FE-B5DD-784A0FCA7CFC}.Debug|Any CPU.ActiveCfg = Debug|Any CPU
		{B71A8313-4C6B-41FE-B5DD-784A0FCA7CFC}.Debug|Any CPU.Build.0 = Debug|Any CPU
		{B71A8313-4C6B-41FE-B5DD-784A0FCA7CFC}.Release|Any CPU.ActiveCfg = Release|Any CPU
		{B71A8313-4C6B-41FE-B5DD-784A0FCA7CFC}.Release|Any CPU.Build.0 = Release|Any CPU
		{5AD779F8-A3F0-4C94-9153-6C2FC59ABE14}.Debug|Any CPU.ActiveCfg = Debug|Any CPU
		{5AD779F8-A3F0-4C94-9153-6C2FC59ABE14}.Debug|Any CPU.Build.0 = Debug|Any CPU
		{5AD779F8-A3F0-4C94-9153-6C2FC59ABE14}.Release|Any CPU.ActiveCfg = Release|Any CPU
		{5AD779F8-A3F0-4C94-9153-6C2FC59ABE14}.Release|Any CPU.Build.0 = Release|Any CPU
		{09BEC010-E6B3-4D3F-A21A-EA7FF30156D7}.Debug|Any CPU.ActiveCfg = Debug|Any CPU
		{09BEC010-E6B3-4D3F-A21A-EA7FF30156D7}.Debug|Any CPU.Build.0 = Debug|Any CPU
		{09BEC010-E6B3-4D3F-A21A-EA7FF30156D7}.Release|Any CPU.ActiveCfg = Release|Any CPU
		{09BEC010-E6B3-4D3F-A21A-EA7FF30156D7}.Release|Any CPU.Build.0 = Release|Any CPU
		{353C67FA-2B71-4D7C-B3A7-7BA30EACA577}.Debug|Any CPU.ActiveCfg = Debug|Any CPU
		{353C67FA-2B71-4D7C-B3A7-7BA30EACA577}.Debug|Any CPU.Build.0 = Debug|Any CPU
		{353C67FA-2B71-4D7C-B3A7-7BA30EACA577}.Release|Any CPU.ActiveCfg = Release|Any CPU
		{353C67FA-2B71-4D7C-B3A7-7BA30EACA577}.Release|Any CPU.Build.0 = Release|Any CPU
		{B0D4962B-7B09-4AC6-9160-C3207C7FD2BD}.Debug|Any CPU.ActiveCfg = Debug|Any CPU
		{B0D4962B-7B09-4AC6-9160-C3207C7FD2BD}.Debug|Any CPU.Build.0 = Debug|Any CPU
		{B0D4962B-7B09-4AC6-9160-C3207C7FD2BD}.Release|Any CPU.ActiveCfg = Release|Any CPU
		{B0D4962B-7B09-4AC6-9160-C3207C7FD2BD}.Release|Any CPU.Build.0 = Release|Any CPU
		{985DDD85-055F-4CE1-A8D9-F78E1BC0CE2E}.Debug|Any CPU.ActiveCfg = Debug|Any CPU
		{985DDD85-055F-4CE1-A8D9-F78E1BC0CE2E}.Debug|Any CPU.Build.0 = Debug|Any CPU
		{985DDD85-055F-4CE1-A8D9-F78E1BC0CE2E}.Release|Any CPU.ActiveCfg = Release|Any CPU
		{985DDD85-055F-4CE1-A8D9-F78E1BC0CE2E}.Release|Any CPU.Build.0 = Release|Any CPU
		{DF9B2622-9065-4A05-BB96-18EDDAFD8EFB}.Debug|Any CPU.ActiveCfg = Debug|Any CPU
		{DF9B2622-9065-4A05-BB96-18EDDAFD8EFB}.Debug|Any CPU.Build.0 = Debug|Any CPU
		{DF9B2622-9065-4A05-BB96-18EDDAFD8EFB}.Release|Any CPU.ActiveCfg = Release|Any CPU
		{DF9B2622-9065-4A05-BB96-18EDDAFD8EFB}.Release|Any CPU.Build.0 = Release|Any CPU
	EndGlobalSection
	GlobalSection(SolutionProperties) = preSolution
		HideSolutionNode = FALSE
	EndGlobalSection
	GlobalSection(NestedProjects) = preSolution
		{F8F20F79-36E8-40F6-A6AF-CBBD57E022B5} = {7D9170BE-838B-4713-951E-ACDA2EA0C4F3}
		{FFD4B574-A51C-4A88-92A4-034661852692} = {7D9170BE-838B-4713-951E-ACDA2EA0C4F3}
		{97CCF4B8-6E79-4994-8913-BD666BE17408} = {0637F3E8-702E-4DA5-8C62-A14376E3271A}
		{0637F3E8-702E-4DA5-8C62-A14376E3271A} = {7D9170BE-838B-4713-951E-ACDA2EA0C4F3}
		{553DB16A-0A57-475C-B02E-E47E73DAF552} = {0637F3E8-702E-4DA5-8C62-A14376E3271A}
		{96E1A2D1-5E9D-430E-9747-CA50B09D4658} = {0637F3E8-702E-4DA5-8C62-A14376E3271A}
		{627CD339-E897-4B94-AE71-F9D0E6636130} = {F10ED6E8-0FE0-46A7-B675-FBF741CCEE97}
		{C70DBCE8-06C2-4EB1-BE9E-5DC03BCD9D13} = {160842F4-F6DF-42C3-8F09-6CEC3C2EB86B}
		{D3E83DB4-DA7A-4C2E-9831-242470528826} = {EA94885F-D07E-474B-A0CC-78818C70E83F}
		{EA94885F-D07E-474B-A0CC-78818C70E83F} = {160842F4-F6DF-42C3-8F09-6CEC3C2EB86B}
		{07FA0E97-5D2F-48B5-8141-BEB184296F00} = {EA94885F-D07E-474B-A0CC-78818C70E83F}
		{339BAB39-F0AF-4EB4-8150-90F47060C498} = {DD54DD03-5CD5-494D-9ECF-5F8EB9461E03}
		{2BFACDC3-F44D-4199-8498-F5C3C4AC0335} = {C67632A8-BFBC-472B-9BD8-8880F8784C7C}
		{E461C0A8-8900-485C-B520-E929BA33F712} = {C67632A8-BFBC-472B-9BD8-8880F8784C7C}
		{75D29ACB-9B6A-4C96-8B2A-D61027057540} = {DD54DD03-5CD5-494D-9ECF-5F8EB9461E03}
		{8DEFE5B6-9FD5-406D-B4E3-E3D20A3F80D2} = {DD54DD03-5CD5-494D-9ECF-5F8EB9461E03}
		{2B4F21F8-C97F-4011-A532-AD6A2B75854A} = {D1C57D63-1849-4BCF-8DA7-613A0DE18E3E}
		{13587A30-645B-440E-8ADF-F1B36814FE67} = {F7300163-D86F-4D46-B39B-24F13D28C9D7}
		{F7300163-D86F-4D46-B39B-24F13D28C9D7} = {D1C57D63-1849-4BCF-8DA7-613A0DE18E3E}
		{77B5D012-0802-482E-9B3F-8162E522EE92} = {F7300163-D86F-4D46-B39B-24F13D28C9D7}
		{9666A25E-BC82-487A-A2BF-FF02E7DD010C} = {92D41475-16E0-407E-9E5E-9F4690EEED5F}
		{B449637A-4505-4B8D-B1D4-50C35D57177E} = {92D41475-16E0-407E-9E5E-9F4690EEED5F}
		{B345356D-9BCB-4C65-B6C3-121446B451F4} = {E578EC02-7549-4A1E-9E32-E8237028CB6C}
		{D82BDA5B-4736-48EC-8FC6-0A1B3A10ADC3} = {E578EC02-7549-4A1E-9E32-E8237028CB6C}
		{959A2580-0B90-4F3B-A348-41FE42812D9A} = {D82BDA5B-4736-48EC-8FC6-0A1B3A10ADC3}
		{FE779C02-7885-458C-BCDD-3F02369440EF} = {D82BDA5B-4736-48EC-8FC6-0A1B3A10ADC3}
		{C8D43A5D-B463-45DF-90BA-F1D9DDEF069E} = {47335E04-C6A7-4A2E-A4FF-696CD227A300}
		{82C226CA-C0EC-4170-8044-B5623972BBA7} = {3B432BB4-E864-47A9-BD76-E855D2218C05}
		{788037DB-3B22-4F51-BEE4-CCC6ACE16692} = {3B432BB4-E864-47A9-BD76-E855D2218C05}
		{97F451BB-DC6B-4DCE-B3A6-2D03D12BDAF7} = {3B432BB4-E864-47A9-BD76-E855D2218C05}
		{27001556-99FC-4655-8547-3C0A7BE5BFE3} = {3B432BB4-E864-47A9-BD76-E855D2218C05}
		{1AD43401-831B-47D7-98CE-4FDCC4A501D5} = {110F66CA-E3E5-4FD8-9C0F-A8724A0FD43F}
		{47211D1A-7BE5-4923-AC97-27CEF0512868} = {110F66CA-E3E5-4FD8-9C0F-A8724A0FD43F}
		{B7EEA8AC-51BD-44D9-88BC-ACE2A11EA9E7} = {110F66CA-E3E5-4FD8-9C0F-A8724A0FD43F}
		{60644F96-715B-4D08-96C9-53C55ABDB201} = {8ABE8EE8-F238-4821-A7BA-6834FB229AD4}
		{F274C87A-70E5-44E3-BE47-0751EF2BD1EA} = {47600CBA-84FC-4355-AFF5-62E8E71A2A4A}
		{B71A8313-4C6B-41FE-B5DD-784A0FCA7CFC} = {B413102C-4EC4-49F3-BE40-30CD6E33E733}
		{5AD779F8-A3F0-4C94-9153-6C2FC59ABE14} = {52432846-225A-4811-AAB0-71C508EACD32}
		{09BEC010-E6B3-4D3F-A21A-EA7FF30156D7} = {8ABE8EE8-F238-4821-A7BA-6834FB229AD4}
		{353C67FA-2B71-4D7C-B3A7-7BA30EACA577} = {529F9A61-FD31-4DDB-9A9A-A5631922CFB3}
		{B0D4962B-7B09-4AC6-9160-C3207C7FD2BD} = {4C7AE75B-9A69-4B63-B654-3843E2DF0870}
		{985DDD85-055F-4CE1-A8D9-F78E1BC0CE2E} = {AB1A414D-E7AE-4A60-8F7C-DC6B313AE1FB}
		{DF9B2622-9065-4A05-BB96-18EDDAFD8EFB} = {AB1A414D-E7AE-4A60-8F7C-DC6B313AE1FB}
	EndGlobalSection
	GlobalSection(ExtensibilityGlobals) = postSolution
		SolutionGuid = {5B3F4533-0FDC-4CDC-B4E2-4347FD38D513}
	EndGlobalSection
EndGlobal
