
Microsoft Visual Studio Solution File, Format Version 12.00
# Visual Studio Version 16
VisualStudioVersion = 16.0.31112.23
MinimumVisualStudioVersion = 10.0.40219.1
Project("{2150E333-8FDC-42A3-9474-1A3956D46DE8}") = "Chapter01", "Chapter01", "{7D9170BE-838B-4713-951E-ACDA2EA0C4F3}"
EndProject
Project("{FAE04EC0-301F-11D3-BF4B-00C04F79EFBC}") = "DistanceConverter", "DistanceConverter\DistanceConverter.csproj", "{F8F20F79-36E8-40F6-A6AF-CBBD57E022B5}"
EndProject
Global
	GlobalSection(SolutionConfigurationPlatforms) = preSolution
		Debug|Any CPU = Debug|Any CPU
		Release|Any CPU = Release|Any CPU
	EndGlobalSection
	GlobalSection(ProjectConfigurationPlatforms) = postSolution
		{F8F20F79-36E8-40F6-A6AF-CBBD57E022B5}.Debug|Any CPU.ActiveCfg = Debug|Any CPU
		{F8F20F79-36E8-40F6-A6AF-CBBD57E022B5}.Debug|Any CPU.Build.0 = Debug|Any CPU
		{F8F20F79-36E8-40F6-A6AF-CBBD57E022B5}.Release|Any CPU.ActiveCfg = Release|Any CPU
		{F8F20F79-36E8-40F6-A6AF-CBBD57E022B5}.Release|Any CPU.Build.0 = Release|Any CPU
	EndGlobalSection
	GlobalSection(SolutionProperties) = preSolution
		HideSolutionNode = FALSE
	EndGlobalSection
	GlobalSection(NestedProjects) = preSolution
		{F8F20F79-36E8-40F6-A6AF-CBBD57E022B5} = {7D9170BE-838B-4713-951E-ACDA2EA0C4F3}
	EndGlobalSection
	GlobalSection(ExtensibilityGlobals) = postSolution
		SolutionGuid = {5B3F4533-0FDC-4CDC-B4E2-4347FD38D513}
	EndGlobalSection
EndGlobal
